
Microsoft Visual Studio Solution File, Format Version 12.00
# Visual Studio Version 17
VisualStudioVersion = 17.14.37614.0 d17.14
MinimumVisualStudioVersion = 10.0.40219.1
Project("{FAE04EC0-301F-11D3-BF4B-00C04F79EFBC}") = "C-Sharp-For-Loops-1", "C-Sharp-For-Loops-1\C-Sharp-For-Loops-1.csproj", "{11215386-E1E9-4EC2-A744-D8AAB8FE31C6}"
EndProject
Global
	GlobalSection(SolutionConfigurationPlatforms) = preSolution
		Debug|Any CPU = Debug|Any CPU
		Release|Any CPU = Release|Any CPU
	EndGlobalSection
	GlobalSection(ProjectConfigurationPlatforms) = postSolution
		{11215386-E1E9-4EC2-A744-D8AAB8FE31C6}.Debug|Any CPU.ActiveCfg = Debug|Any CPU
		{11215386-E1E9-4EC2-A744-D8AAB8FE31C6}.Debug|Any CPU.Build.0 = Debug|Any CPU
		{11215386-E1E9-4EC2-A744-D8AAB8FE31C6}.Release|Any CPU.ActiveCfg = Release|Any CPU
		{11215386-E1E9-4EC2-A744-D8AAB8FE31C6}.Release|Any CPU.Build.0 = Release|Any CPU
	EndGlobalSection
	GlobalSection(SolutionProperties) = preSolution
		HideSolutionNode = FALSE
	EndGlobalSection
	GlobalSection(ExtensibilityGlobals) = postSolution
		SolutionGuid = {968CD4BF-6C38-4B12-A1BC-E1B2C0AA2B58}
	EndGlobalSection
EndGlobal
